{
  "name": "newproj",
  "version": "1.0.0",
  "lockfileVersion": 3,
  "requires": true,
  "packages": {
    "": {
      "name": "newproj",
      "version": "1.0.0",
      "license": "ISC",
      "dependencies": {
        "berestnew-random-date": "^1.0.1"
      }
    },
    "node_modules/berestnew-random-date": {
      "version": "1.0.1",
      "resolved": "https://registry.npmjs.org/berestnew-random-date/-/berestnew-random-date-1.0.1.tgz",
      "integrity": "sha512-g8+xPDrA42hvSjKbvBe319oQM3s9Vn209/TeMe57YmVzIXDZibxFSAPZUU4dZkFSaChPcbSD6VYU4kcxz74YdA=="
    }
  }
}
